
Microsoft Visual Studio Solution File, Format Version 12.00
# Visual Studio Version 16
VisualStudioVersion = 25.0.1704.1
MinimumVisualStudioVersion = 10.0.40219.1
Project("{FAE04EC0-301F-11D3-BF4B-00C04F79EFBC}") = "poo-956", "poo-956.csproj", "{A1D443BC-C7FE-4E6D-B2FB-BF6151A05357}"
EndProject
Global
	GlobalSection(SolutionConfigurationPlatforms) = preSolution
		Debug|Any CPU = Debug|Any CPU
		Release|Any CPU = Release|Any CPU
	EndGlobalSection
	GlobalSection(ProjectConfigurationPlatforms) = postSolution
		{A1D443BC-C7FE-4E6D-B2FB-BF6151A05357}.Debug|Any CPU.ActiveCfg = Debug|Any CPU
		{A1D443BC-C7FE-4E6D-B2FB-BF6151A05357}.Debug|Any CPU.Build.0 = Debug|Any CPU
		{A1D443BC-C7FE-4E6D-B2FB-BF6151A05357}.Release|Any CPU.ActiveCfg = Release|Any CPU
		{A1D443BC-C7FE-4E6D-B2FB-BF6151A05357}.Release|Any CPU.Build.0 = Release|Any CPU
	EndGlobalSection
	GlobalSection(SolutionProperties) = preSolution
		HideSolutionNode = FALSE
	EndGlobalSection
	GlobalSection(ExtensibilityGlobals) = postSolution
		SolutionGuid = {49220ADF-391B-4E19-9545-2569ADC78BC9}
	EndGlobalSection
EndGlobal
